
Microsoft Visual Studio Solution File, Format Version 12.00
# Visual Studio Version 17
VisualStudioVersion = 17.5.002.0
MinimumVisualStudioVersion = 10.0.40219.1
Project("{9A19103F-16F7-4668-BE54-9A1E7A4F7556}") = "AuctionService", "AuctionService\AuctionService.csproj", "{20A0AF38-5D53-4DE5-8499-0DBAF057E749}"
EndProject
Global
	GlobalSection(SolutionConfigurationPlatforms) = preSolution
		Debug|Any CPU = Debug|Any CPU
		Release|Any CPU = Release|Any CPU
	EndGlobalSection
	GlobalSection(ProjectConfigurationPlatforms) = postSolution
		{20A0AF38-5D53-4DE5-8499-0DBAF057E749}.Debug|Any CPU.ActiveCfg = Debug|Any CPU
		{20A0AF38-5D53-4DE5-8499-0DBAF057E749}.Debug|Any CPU.Build.0 = Debug|Any CPU
		{20A0AF38-5D53-4DE5-8499-0DBAF057E749}.Release|Any CPU.ActiveCfg = Release|Any CPU
		{20A0AF38-5D53-4DE5-8499-0DBAF057E749}.Release|Any CPU.Build.0 = Release|Any CPU
	EndGlobalSection
	GlobalSection(SolutionProperties) = preSolution
		HideSolutionNode = FALSE
	EndGlobalSection
	GlobalSection(ExtensibilityGlobals) = postSolution
		SolutionGuid = {948457B5-EB31-412A-913A-F9D5EDA973EC}
	EndGlobalSection
EndGlobal
